
Microsoft Visual Studio Solution File, Format Version 12.00
# Visual Studio 14
VisualStudioVersion = 14.0.25420.1
MinimumVisualStudioVersion = 10.0.40219.1
Project("{FAE04EC0-301F-11D3-BF4B-00C04F79EFBC}") = "SEDGame", "SEDGame\SEDGame.csproj", "{D5C9AD75-3CE5-4F54-B39D-7F70A631BFEA}"
EndProject
Global
	GlobalSection(SolutionConfigurationPlatforms) = preSolution
		Debug|x86 = Debug|x86
		Release|x86 = Release|x86
	EndGlobalSection
	GlobalSection(ProjectConfigurationPlatforms) = postSolution
		{D5C9AD75-3CE5-4F54-B39D-7F70A631BFEA}.Debug|x86.ActiveCfg = Debug|x86
		{D5C9AD75-3CE5-4F54-B39D-7F70A631BFEA}.Debug|x86.Build.0 = Debug|x86
		{D5C9AD75-3CE5-4F54-B39D-7F70A631BFEA}.Release|x86.ActiveCfg = Release|x86
		{D5C9AD75-3CE5-4F54-B39D-7F70A631BFEA}.Release|x86.Build.0 = Release|x86
	EndGlobalSection
	GlobalSection(SolutionProperties) = preSolution
		HideSolutionNode = FALSE
	EndGlobalSection
EndGlobal
